
Microsoft Visual Studio Solution File, Format Version 12.00
# Visual Studio Version 17
VisualStudioVersion = 17.4.33205.214
MinimumVisualStudioVersion = 10.0.40219.1
Project("{FAE04EC0-301F-11D3-BF4B-00C04F79EFBC}") = "mobileAppDotskin.Android", "mobileAppDotskin.Android\mobileAppDotskin.Android.csproj", "{F9B467D3-E12D-41D0-AF1B-1D46E32E74B2}"
EndProject
Project("{FAE04EC0-301F-11D3-BF4B-00C04F79EFBC}") = "mobileAppDotskin.iOS", "mobileAppDotskin.iOS\mobileAppDotskin.iOS.csproj", "{810A02D0-D47A-48CD-97BC-D65285E24B37}"
EndProject
Project("{FAE04EC0-301F-11D3-BF4B-00C04F79EFBC}") = "mobileAppDotskin", "mobileAppDotskin\mobileAppDotskin.csproj", "{A1E02C6E-C44D-4B2F-B39D-72E0C2076A9C}"
EndProject
Global
	GlobalSection(SolutionConfigurationPlatforms) = preSolution
		Debug|Any CPU = Debug|Any CPU
		Debug|iPhone = Debug|iPhone
		Debug|iPhoneSimulator = Debug|iPhoneSimulator
		Release|Any CPU = Release|Any CPU
		Release|iPhone = Release|iPhone
		Release|iPhoneSimulator = Release|iPhoneSimulator
	EndGlobalSection
	GlobalSection(ProjectConfigurationPlatforms) = postSolution
		{F9B467D3-E12D-41D0-AF1B-1D46E32E74B2}.Debug|Any CPU.ActiveCfg = Debug|Any CPU
		{F9B467D3-E12D-41D0-AF1B-1D46E32E74B2}.Debug|Any CPU.Build.0 = Debug|Any CPU
		{F9B467D3-E12D-41D0-AF1B-1D46E32E74B2}.Debug|Any CPU.Deploy.0 = Debug|Any CPU
		{F9B467D3-E12D-41D0-AF1B-1D46E32E74B2}.Debug|iPhone.ActiveCfg = Debug|Any CPU
		{F9B467D3-E12D-41D0-AF1B-1D46E32E74B2}.Debug|iPhone.Build.0 = Debug|Any CPU
		{F9B467D3-E12D-41D0-AF1B-1D46E32E74B2}.Debug|iPhone.Deploy.0 = Debug|Any CPU
		{F9B467D3-E12D-41D0-AF1B-1D46E32E74B2}.Debug|iPhoneSimulator.ActiveCfg = Debug|Any CPU
		{F9B467D3-E12D-41D0-AF1B-1D46E32E74B2}.Debug|iPhoneSimulator.Build.0 = Debug|Any CPU
		{F9B467D3-E12D-41D0-AF1B-1D46E32E74B2}.Debug|iPhoneSimulator.Deploy.0 = Debug|Any CPU
		{F9B467D3-E12D-41D0-AF1B-1D46E32E74B2}.Release|Any CPU.ActiveCfg = Release|Any CPU
		{F9B467D3-E12D-41D0-AF1B-1D46E32E74B2}.Release|Any CPU.Build.0 = Release|Any CPU
		{F9B467D3-E12D-41D0-AF1B-1D46E32E74B2}.Release|Any CPU.Deploy.0 = Release|Any CPU
		{F9B467D3-E12D-41D0-AF1B-1D46E32E74B2}.Release|iPhone.ActiveCfg = Release|Any CPU
		{F9B467D3-E12D-41D0-AF1B-1D46E32E74B2}.Release|iPhone.Build.0 = Release|Any CPU
		{F9B467D3-E12D-41D0-AF1B-1D46E32E74B2}.Release|iPhone.Deploy.0 = Release|Any CPU
		{F9B467D3-E12D-41D0-AF1B-1D46E32E74B2}.Release|iPhoneSimulator.ActiveCfg = Release|Any CPU
		{F9B467D3-E12D-41D0-AF1B-1D46E32E74B2}.Release|iPhoneSimulator.Build.0 = Release|Any CPU
		{F9B467D3-E12D-41D0-AF1B-1D46E32E74B2}.Release|iPhoneSimulator.Deploy.0 = Release|Any CPU
		{810A02D0-D47A-48CD-97BC-D65285E24B37}.Debug|Any CPU.ActiveCfg = Debug|iPhone
		{810A02D0-D47A-48CD-97BC-D65285E24B37}.Debug|Any CPU.Build.0 = Debug|iPhone
		{810A02D0-D47A-48CD-97BC-D65285E24B37}.Debug|Any CPU.Deploy.0 = Debug|iPhone
		{810A02D0-D47A-48CD-97BC-D65285E24B37}.Debug|iPhone.ActiveCfg = Debug|iPhone
		{810A02D0-D47A-48CD-97BC-D65285E24B37}.Debug|iPhone.Build.0 = Debug|iPhone
		{810A02D0-D47A-48CD-97BC-D65285E24B37}.Debug|iPhone.Deploy.0 = Debug|iPhone
		{810A02D0-D47A-48CD-97BC-D65285E24B37}.Debug|iPhoneSimulator.ActiveCfg = Debug|iPhoneSimulator
		{810A02D0-D47A-48CD-97BC-D65285E24B37}.Debug|iPhoneSimulator.Build.0 = Debug|iPhoneSimulator
		{810A02D0-D47A-48CD-97BC-D65285E24B37}.Debug|iPhoneSimulator.Deploy.0 = Debug|iPhoneSimulator
		{810A02D0-D47A-48CD-97BC-D65285E24B37}.Release|Any CPU.ActiveCfg = Release|iPhoneSimulator
		{810A02D0-D47A-48CD-97BC-D65285E24B37}.Release|Any CPU.Build.0 = Release|iPhoneSimulator
		{810A02D0-D47A-48CD-97BC-D65285E24B37}.Release|Any CPU.Deploy.0 = Release|iPhoneSimulator
		{810A02D0-D47A-48CD-97BC-D65285E24B37}.Release|iPhone.ActiveCfg = Release|iPhone
		{810A02D0-D47A-48CD-97BC-D65285E24B37}.Release|iPhone.Build.0 = Release|iPhone
		{810A02D0-D47A-48CD-97BC-D65285E24B37}.Release|iPhone.Deploy.0 = Release|iPhone
		{810A02D0-D47A-48CD-97BC-D65285E24B37}.Release|iPhoneSimulator.ActiveCfg = Release|iPhoneSimulator
		{810A02D0-D47A-48CD-97BC-D65285E24B37}.Release|iPhoneSimulator.Build.0 = Release|iPhoneSimulator
		{810A02D0-D47A-48CD-97BC-D65285E24B37}.Release|iPhoneSimulator.Deploy.0 = Release|iPhoneSimulator
		{A1E02C6E-C44D-4B2F-B39D-72E0C2076A9C}.Debug|Any CPU.ActiveCfg = Debug|Any CPU
		{A1E02C6E-C44D-4B2F-B39D-72E0C2076A9C}.Debug|Any CPU.Build.0 = Debug|Any CPU
		{A1E02C6E-C44D-4B2F-B39D-72E0C2076A9C}.Debug|Any CPU.Deploy.0 = Debug|Any CPU
		{A1E02C6E-C44D-4B2F-B39D-72E0C2076A9C}.Debug|iPhone.ActiveCfg = Debug|Any CPU
		{A1E02C6E-C44D-4B2F-B39D-72E0C2076A9C}.Debug|iPhone.Build.0 = Debug|Any CPU
		{A1E02C6E-C44D-4B2F-B39D-72E0C2076A9C}.Debug|iPhone.Deploy.0 = Debug|Any CPU
		{A1E02C6E-C44D-4B2F-B39D-72E0C2076A9C}.Debug|iPhoneSimulator.ActiveCfg = Debug|Any CPU
		{A1E02C6E-C44D-4B2F-B39D-72E0C2076A9C}.Debug|iPhoneSimulator.Build.0 = Debug|Any CPU
		{A1E02C6E-C44D-4B2F-B39D-72E0C2076A9C}.Debug|iPhoneSimulator.Deploy.0 = Debug|Any CPU
		{A1E02C6E-C44D-4B2F-B39D-72E0C2076A9C}.Release|Any CPU.ActiveCfg = Release|Any CPU
		{A1E02C6E-C44D-4B2F-B39D-72E0C2076A9C}.Release|Any CPU.Build.0 = Release|Any CPU
		{A1E02C6E-C44D-4B2F-B39D-72E0C2076A9C}.Release|Any CPU.Deploy.0 = Release|Any CPU
		{A1E02C6E-C44D-4B2F-B39D-72E0C2076A9C}.Release|iPhone.ActiveCfg = Release|Any CPU
		{A1E02C6E-C44D-4B2F-B39D-72E0C2076A9C}.Release|iPhone.Build.0 = Release|Any CPU
		{A1E02C6E-C44D-4B2F-B39D-72E0C2076A9C}.Release|iPhone.Deploy.0 = Release|Any CPU
		{A1E02C6E-C44D-4B2F-B39D-72E0C2076A9C}.Release|iPhoneSimulator.ActiveCfg = Release|Any CPU
		{A1E02C6E-C44D-4B2F-B39D-72E0C2076A9C}.Release|iPhoneSimulator.Build.0 = Release|Any CPU
		{A1E02C6E-C44D-4B2F-B39D-72E0C2076A9C}.Release|iPhoneSimulator.Deploy.0 = Release|Any CPU
	EndGlobalSection
	GlobalSection(SolutionProperties) = preSolution
		HideSolutionNode = FALSE
	EndGlobalSection
	GlobalSection(ExtensibilityGlobals) = postSolution
		SolutionGuid = {E1425E80-59A9-4E52-955B-20DEE3CDA3EF}
	EndGlobalSection
EndGlobal
